// !$*UTF8*$!
{
	archiveVersion = 1;
	classes = {
	};
	objectVersion = 50;
	objects = {

/* Begin PBXBuildFile section */
		70E99B1FE6D4EBF75FC47711 /* libPods-VoIP.a in Frameworks */ = {isa = PBXBuildFile; fileRef = A897C1A555147F11E1E483C3 /* libPods-VoIP.a */; };
		778F6E85D5E71E2151A335C5 /* libPods-Chat.a in Frameworks */ = {isa = PBXBuildFile; fileRef = 17C39CAE5124D21008AE7D1C /* libPods-Chat.a */; };
		D30FB57E2248D8E900F233EF /* AppDelegate.swift in Sources */ = {isa = PBXBuildFile; fileRef = D30FB57D2248D8E900F233EF /* AppDelegate.swift */; };
		D30FB5852248D8EA00F233EF /* Assets.xcassets in Resources */ = {isa = PBXBuildFile; fileRef = D30FB5842248D8EA00F233EF /* Assets.xcassets */; };
		D30FB5882248D8EA00F233EF /* LaunchScreen.storyboard in Resources */ = {isa = PBXBuildFile; fileRef = D30FB5862248D8EA00F233EF /* LaunchScreen.storyboard */; };
		D3100772224B56BE00297DC4 /* TabBarController.swift in Sources */ = {isa = PBXBuildFile; fileRef = D3100771224B56BE00297DC4 /* TabBarController.swift */; };
		D3100774224B668A00297DC4 /* NormalConversationListViewController.swift in Sources */ = {isa = PBXBuildFile; fileRef = D3100773224B668A00297DC4 /* NormalConversationListViewController.swift */; };
		D3100776224B66CD00297DC4 /* MessageListViewController.swift in Sources */ = {isa = PBXBuildFile; fileRef = D3100775224B66CD00297DC4 /* MessageListViewController.swift */; };
		D3100778224B6BDB00297DC4 /* Client.swift in Sources */ = {isa = PBXBuildFile; fileRef = D3100777224B6BDB00297DC4 /* Client.swift */; };
		D31064BD2A7268470015C737 /* NotificationService.m in Sources */ = {isa = PBXBuildFile; fileRef = D31064BC2A7268470015C737 /* NotificationService.m */; };
		D31064C12A7268470015C737 /* NotificationService.appex in Embed Foundation Extensions */ = {isa = PBXBuildFile; fileRef = D31064B92A7268470015C737 /* NotificationService.appex */; settings = {ATTRIBUTES = (RemoveHeadersOnCopy, ); }; };
		D3453837227ED33C00A7A6C2 /* Extension.swift in Sources */ = {isa = PBXBuildFile; fileRef = D3453836227ED33C00A7A6C2 /* Extension.swift */; };
		D3453839227EDC8D00A7A6C2 /* SettingsViewController.swift in Sources */ = {isa = PBXBuildFile; fileRef = D3453838227EDC8D00A7A6C2 /* SettingsViewController.swift */; };
		D345383B227EDD5200A7A6C2 /* SettingsView.xib in Resources */ = {isa = PBXBuildFile; fileRef = D345383A227EDD5200A7A6C2 /* SettingsView.xib */; };
		D345D0CA22828AFF00A86D94 /* TextMessageCell.swift in Sources */ = {isa = PBXBuildFile; fileRef = D345D0C922828AFF00A86D94 /* TextMessageCell.swift */; };
		D345D0CC22828B0D00A86D94 /* TextMessageCell.xib in Resources */ = {isa = PBXBuildFile; fileRef = D345D0CB22828B0D00A86D94 /* TextMessageCell.xib */; };
		D34A1FCD228DAE9C006746BF /* LocationManager.swift in Sources */ = {isa = PBXBuildFile; fileRef = D34A1FCC228DAE9C006746BF /* LocationManager.swift */; };
		D34A1FD7228DC2B9006746BF /* FileViewController.swift in Sources */ = {isa = PBXBuildFile; fileRef = D34A1FD6228DC2B9006746BF /* FileViewController.swift */; };
		D34A1FD9228DC2DA006746BF /* FileView.xib in Resources */ = {isa = PBXBuildFile; fileRef = D34A1FD8228DC2DA006746BF /* FileView.xib */; };
		D34A1FDB228DCB1C006746BF /* RecalledMessageCell.swift in Sources */ = {isa = PBXBuildFile; fileRef = D34A1FDA228DCB1C006746BF /* RecalledMessageCell.swift */; };
		D34A1FDD228DCB9B006746BF /* RecalledMessageCell.xib in Resources */ = {isa = PBXBuildFile; fileRef = D34A1FDC228DCB9B006746BF /* RecalledMessageCell.xib */; };
		D34A620D22C1E01E00550E00 /* ChatRoomListViewController.swift in Sources */ = {isa = PBXBuildFile; fileRef = D34A620C22C1E01E00550E00 /* ChatRoomListViewController.swift */; };
		D34A620F22C1E09000550E00 /* ChatRoomListView.xib in Resources */ = {isa = PBXBuildFile; fileRef = D34A620E22C1E09000550E00 /* ChatRoomListView.xib */; };
		D35F84B1228A99860030821C /* MediaMessageCell.swift in Sources */ = {isa = PBXBuildFile; fileRef = D35F84B0228A99860030821C /* MediaMessageCell.swift */; };
		D35F84B3228A9BA80030821C /* MediaMessageCell.xib in Resources */ = {isa = PBXBuildFile; fileRef = D35F84B2228A9BA80030821C /* MediaMessageCell.xib */; };
		D35F84B6228AB0DA0030821C /* AudioViewController.swift in Sources */ = {isa = PBXBuildFile; fileRef = D35F84B5228AB0DA0030821C /* AudioViewController.swift */; };
		D35F84B8228AB10D0030821C /* AudioView.xib in Resources */ = {isa = PBXBuildFile; fileRef = D35F84B7228AB10D0030821C /* AudioView.xib */; };
		D386171122C4BFE800CF3AB6 /* ServiceConversationListViewController.swift in Sources */ = {isa = PBXBuildFile; fileRef = D386171022C4BFE800CF3AB6 /* ServiceConversationListViewController.swift */; };
		D386171322C4C00D00CF3AB6 /* ServiceConversationListView.xib in Resources */ = {isa = PBXBuildFile; fileRef = D386171222C4C00D00CF3AB6 /* ServiceConversationListView.xib */; };
		D386653222A8F53300BAFE40 /* LaunchViewController.swift in Sources */ = {isa = PBXBuildFile; fileRef = D386653122A8F53300BAFE40 /* LaunchViewController.swift */; };
		D386653522A8F59800BAFE40 /* LaunchView.xib in Resources */ = {isa = PBXBuildFile; fileRef = D386653422A8F59800BAFE40 /* LaunchView.xib */; };
		D389649F22B7473200952125 /* Configuration.swift in Sources */ = {isa = PBXBuildFile; fileRef = D389649E22B7473200952125 /* Configuration.swift */; };
		D390A20222BFA870003F31F7 /* TextEditViewController.swift in Sources */ = {isa = PBXBuildFile; fileRef = D390A20122BFA870003F31F7 /* TextEditViewController.swift */; };
		D390A20422BFA890003F31F7 /* TextEditView.xib in Resources */ = {isa = PBXBuildFile; fileRef = D390A20322BFA890003F31F7 /* TextEditView.xib */; };
		D390A20622BFB00A003F31F7 /* ConversationDetailsView.xib in Resources */ = {isa = PBXBuildFile; fileRef = D390A20522BFB00A003F31F7 /* ConversationDetailsView.xib */; };
		D390A20822BFB0FC003F31F7 /* ConversationDetailsViewController.swift in Sources */ = {isa = PBXBuildFile; fileRef = D390A20722BFB0FC003F31F7 /* ConversationDetailsViewController.swift */; };
		D39EF22122894CEA00CA340A /* ImageMessageCell.swift in Sources */ = {isa = PBXBuildFile; fileRef = D39EF22022894CEA00CA340A /* ImageMessageCell.swift */; };
		D39EF22322894D5400CA340A /* ImageMessageCell.xib in Resources */ = {isa = PBXBuildFile; fileRef = D39EF22222894D5400CA340A /* ImageMessageCell.xib */; };
		D3D242062250E49200BF8D31 /* MessageListView.xib in Resources */ = {isa = PBXBuildFile; fileRef = D3D242052250E49200BF8D31 /* MessageListView.xib */; };
		D3D4475822A798E600569AE0 /* ContactListViewController.swift in Sources */ = {isa = PBXBuildFile; fileRef = D3D4475722A798E600569AE0 /* ContactListViewController.swift */; };
		D3D4475A22A7991500569AE0 /* ContactListView.xib in Resources */ = {isa = PBXBuildFile; fileRef = D3D4475922A7991500569AE0 /* ContactListView.xib */; };
		D3E5CD33224DFE3C00F7EF85 /* NormalConversationListView.xib in Resources */ = {isa = PBXBuildFile; fileRef = D3E5CD32224DFE3C00F7EF85 /* NormalConversationListView.xib */; };
		D3E5CD37224E004D00F7EF85 /* NormalConversationListCell.swift in Sources */ = {isa = PBXBuildFile; fileRef = D3E5CD36224E004D00F7EF85 /* NormalConversationListCell.swift */; };
		D3E5CD39224E01B600F7EF85 /* NormalConversationListCell.xib in Resources */ = {isa = PBXBuildFile; fileRef = D3E5CD38224E01B600F7EF85 /* NormalConversationListCell.xib */; };
		D3EE955D22C5EE4500FEFF8C /* TemporaryConversationListViewController.swift in Sources */ = {isa = PBXBuildFile; fileRef = D3EE955C22C5EE4500FEFF8C /* TemporaryConversationListViewController.swift */; };
		D3EE955F22C5EE6500FEFF8C /* TemporaryConversationListView.xib in Resources */ = {isa = PBXBuildFile; fileRef = D3EE955E22C5EE6500FEFF8C /* TemporaryConversationListView.xib */; };
		D3F939E2238D12FE00BE4702 /* AppDelegate.swift in Sources */ = {isa = PBXBuildFile; fileRef = D3F939E1238D12FE00BE4702 /* AppDelegate.swift */; };
		D3F939E4238D12FE00BE4702 /* SceneDelegate.swift in Sources */ = {isa = PBXBuildFile; fileRef = D3F939E3238D12FE00BE4702 /* SceneDelegate.swift */; };
		D3F939E6238D12FE00BE4702 /* ViewController.swift in Sources */ = {isa = PBXBuildFile; fileRef = D3F939E5238D12FE00BE4702 /* ViewController.swift */; };
		D3F939E9238D12FE00BE4702 /* Main.storyboard in Resources */ = {isa = PBXBuildFile; fileRef = D3F939E7238D12FE00BE4702 /* Main.storyboard */; };
		D3F939EB238D130100BE4702 /* Assets.xcassets in Resources */ = {isa = PBXBuildFile; fileRef = D3F939EA238D130100BE4702 /* Assets.xcassets */; };
		D3F939EE238D130100BE4702 /* LaunchScreen.storyboard in Resources */ = {isa = PBXBuildFile; fileRef = D3F939EC238D130100BE4702 /* LaunchScreen.storyboard */; };
/* End PBXBuildFile section */

/* Begin PBXContainerItemProxy section */
		D31064BF2A7268470015C737 /* PBXContainerItemProxy */ = {
			isa = PBXContainerItemProxy;
			containerPortal = D30FB5722248D8E900F233EF /* Project object */;
			proxyType = 1;
			remoteGlobalIDString = D31064B82A7268470015C737;
			remoteInfo = NotificationService;
		};
/* End PBXContainerItemProxy section */

/* Begin PBXCopyFilesBuildPhase section */
		D31064C52A7268470015C737 /* Embed Foundation Extensions */ = {
			isa = PBXCopyFilesBuildPhase;
			buildActionMask = 2147483647;
			dstPath = "";
			dstSubfolderSpec = 13;
			files = (
				D31064C12A7268470015C737 /* NotificationService.appex in Embed Foundation Extensions */,
			);
			name = "Embed Foundation Extensions";
			runOnlyForDeploymentPostprocessing = 0;
		};
/* End PBXCopyFilesBuildPhase section */

/* Begin PBXFileReference section */
		0743E4E62C0183CE15345A28 /* Pods-VoIP.release.xcconfig */ = {isa = PBXFileReference; includeInIndex = 1; lastKnownFileType = text.xcconfig; name = "Pods-VoIP.release.xcconfig"; path = "Target Support Files/Pods-VoIP/Pods-VoIP.release.xcconfig"; sourceTree = "<group>"; };
		17C39CAE5124D21008AE7D1C /* libPods-Chat.a */ = {isa = PBXFileReference; explicitFileType = archive.ar; includeInIndex = 0; path = "libPods-Chat.a"; sourceTree = BUILT_PRODUCTS_DIR; };
		9B2A84456CE05BE80CCBDD1B /* Pods-Chat.debug.xcconfig */ = {isa = PBXFileReference; includeInIndex = 1; lastKnownFileType = text.xcconfig; name = "Pods-Chat.debug.xcconfig"; path = "Target Support Files/Pods-Chat/Pods-Chat.debug.xcconfig"; sourceTree = "<group>"; };
		A897C1A555147F11E1E483C3 /* libPods-VoIP.a */ = {isa = PBXFileReference; explicitFileType = archive.ar; includeInIndex = 0; path = "libPods-VoIP.a"; sourceTree = BUILT_PRODUCTS_DIR; };
		B1463FB2FCE482D99309F21B /* Pods-Chat.release.xcconfig */ = {isa = PBXFileReference; includeInIndex = 1; lastKnownFileType = text.xcconfig; name = "Pods-Chat.release.xcconfig"; path = "Target Support Files/Pods-Chat/Pods-Chat.release.xcconfig"; sourceTree = "<group>"; };
		D30FB57A2248D8E900F233EF /* Chat.app */ = {isa = PBXFileReference; explicitFileType = wrapper.application; includeInIndex = 0; path = Chat.app; sourceTree = BUILT_PRODUCTS_DIR; };
		D30FB57D2248D8E900F233EF /* AppDelegate.swift */ = {isa = PBXFileReference; lastKnownFileType = sourcecode.swift; path = AppDelegate.swift; sourceTree = "<group>"; };
		D30FB5842248D8EA00F233EF /* Assets.xcassets */ = {isa = PBXFileReference; lastKnownFileType = folder.assetcatalog; path = Assets.xcassets; sourceTree = "<group>"; };
		D30FB5872248D8EA00F233EF /* Base */ = {isa = PBXFileReference; lastKnownFileType = file.storyboard; name = Base; path = Base.lproj/LaunchScreen.storyboard; sourceTree = "<group>"; };
		D30FB5892248D8EA00F233EF /* Info.plist */ = {isa = PBXFileReference; lastKnownFileType = text.plist.xml; path = Info.plist; sourceTree = "<group>"; };
		D3100771224B56BE00297DC4 /* TabBarController.swift */ = {isa = PBXFileReference; lastKnownFileType = sourcecode.swift; path = TabBarController.swift; sourceTree = "<group>"; };
		D3100773224B668A00297DC4 /* NormalConversationListViewController.swift */ = {isa = PBXFileReference; lastKnownFileType = sourcecode.swift; path = NormalConversationListViewController.swift; sourceTree = "<group>"; };
		D3100775224B66CD00297DC4 /* MessageListViewController.swift */ = {isa = PBXFileReference; lastKnownFileType = sourcecode.swift; path = MessageListViewController.swift; sourceTree = "<group>"; };
		D3100777224B6BDB00297DC4 /* Client.swift */ = {isa = PBXFileReference; lastKnownFileType = sourcecode.swift; path = Client.swift; sourceTree = "<group>"; };
		D31064B92A7268470015C737 /* NotificationService.appex */ = {isa = PBXFileReference; explicitFileType = "wrapper.app-extension"; includeInIndex = 0; path = NotificationService.appex; sourceTree = BUILT_PRODUCTS_DIR; };
		D31064BB2A7268470015C737 /* NotificationService.h */ = {isa = PBXFileReference; lastKnownFileType = sourcecode.c.h; path = NotificationService.h; sourceTree = "<group>"; };
		D31064BC2A7268470015C737 /* NotificationService.m */ = {isa = PBXFileReference; lastKnownFileType = sourcecode.c.objc; path = NotificationService.m; sourceTree = "<group>"; };
		D31064BE2A7268470015C737 /* Info.plist */ = {isa = PBXFileReference; lastKnownFileType = text.plist.xml; path = Info.plist; sourceTree = "<group>"; };
		D3453836227ED33C00A7A6C2 /* Extension.swift */ = {isa = PBXFileReference; lastKnownFileType = sourcecode.swift; path = Extension.swift; sourceTree = "<group>"; };
		D3453838227EDC8D00A7A6C2 /* SettingsViewController.swift */ = {isa = PBXFileReference; lastKnownFileType = sourcecode.swift; path = SettingsViewController.swift; sourceTree = "<group>"; };
		D345383A227EDD5200A7A6C2 /* SettingsView.xib */ = {isa = PBXFileReference; lastKnownFileType = file.xib; path = SettingsView.xib; sourceTree = "<group>"; };
		D345D0C922828AFF00A86D94 /* TextMessageCell.swift */ = {isa = PBXFileReference; lastKnownFileType = sourcecode.swift; path = TextMessageCell.swift; sourceTree = "<group>"; };
		D345D0CB22828B0D00A86D94 /* TextMessageCell.xib */ = {isa = PBXFileReference; lastKnownFileType = file.xib; path = TextMessageCell.xib; sourceTree = "<group>"; };
		D34A1FCC228DAE9C006746BF /* LocationManager.swift */ = {isa = PBXFileReference; lastKnownFileType = sourcecode.swift; path = LocationManager.swift; sourceTree = "<group>"; };
		D34A1FD6228DC2B9006746BF /* FileViewController.swift */ = {isa = PBXFileReference; lastKnownFileType = sourcecode.swift; path = FileViewController.swift; sourceTree = "<group>"; };
		D34A1FD8228DC2DA006746BF /* FileView.xib */ = {isa = PBXFileReference; lastKnownFileType = file.xib; path = FileView.xib; sourceTree = "<group>"; };
		D34A1FDA228DCB1C006746BF /* RecalledMessageCell.swift */ = {isa = PBXFileReference; lastKnownFileType = sourcecode.swift; path = RecalledMessageCell.swift; sourceTree = "<group>"; };
		D34A1FDC228DCB9B006746BF /* RecalledMessageCell.xib */ = {isa = PBXFileReference; lastKnownFileType = file.xib; path = RecalledMessageCell.xib; sourceTree = "<group>"; };
		D34A620C22C1E01E00550E00 /* ChatRoomListViewController.swift */ = {isa = PBXFileReference; lastKnownFileType = sourcecode.swift; path = ChatRoomListViewController.swift; sourceTree = "<group>"; };
		D34A620E22C1E09000550E00 /* ChatRoomListView.xib */ = {isa = PBXFileReference; lastKnownFileType = file.xib; path = ChatRoomListView.xib; sourceTree = "<group>"; };
		D35F84B0228A99860030821C /* MediaMessageCell.swift */ = {isa = PBXFileReference; lastKnownFileType = sourcecode.swift; path = MediaMessageCell.swift; sourceTree = "<group>"; };
		D35F84B2228A9BA80030821C /* MediaMessageCell.xib */ = {isa = PBXFileReference; lastKnownFileType = file.xib; path = MediaMessageCell.xib; sourceTree = "<group>"; };
		D35F84B5228AB0DA0030821C /* AudioViewController.swift */ = {isa = PBXFileReference; lastKnownFileType = sourcecode.swift; path = AudioViewController.swift; sourceTree = "<group>"; };
		D35F84B7228AB10D0030821C /* AudioView.xib */ = {isa = PBXFileReference; lastKnownFileType = file.xib; path = AudioView.xib; sourceTree = "<group>"; };
		D386171022C4BFE800CF3AB6 /* ServiceConversationListViewController.swift */ = {isa = PBXFileReference; lastKnownFileType = sourcecode.swift; path = ServiceConversationListViewController.swift; sourceTree = "<group>"; };
		D386171222C4C00D00CF3AB6 /* ServiceConversationListView.xib */ = {isa = PBXFileReference; lastKnownFileType = file.xib; path = ServiceConversationListView.xib; sourceTree = "<group>"; };
		D386653122A8F53300BAFE40 /* LaunchViewController.swift */ = {isa = PBXFileReference; lastKnownFileType = sourcecode.swift; path = LaunchViewController.swift; sourceTree = "<group>"; };
		D386653422A8F59800BAFE40 /* LaunchView.xib */ = {isa = PBXFileReference; lastKnownFileType = file.xib; path = LaunchView.xib; sourceTree = "<group>"; };
		D389649E22B7473200952125 /* Configuration.swift */ = {isa = PBXFileReference; lastKnownFileType = sourcecode.swift; path = Configuration.swift; sourceTree = "<group>"; };
		D38B3D2E22924DE6003E716D /* Chat.entitlements */ = {isa = PBXFileReference; lastKnownFileType = text.plist.entitlements; path = Chat.entitlements; sourceTree = "<group>"; };
		D390A20122BFA870003F31F7 /* TextEditViewController.swift */ = {isa = PBXFileReference; lastKnownFileType = sourcecode.swift; path = TextEditViewController.swift; sourceTree = "<group>"; };
		D390A20322BFA890003F31F7 /* TextEditView.xib */ = {isa = PBXFileReference; lastKnownFileType = file.xib; path = TextEditView.xib; sourceTree = "<group>"; };
		D390A20522BFB00A003F31F7 /* ConversationDetailsView.xib */ = {isa = PBXFileReference; lastKnownFileType = file.xib; path = ConversationDetailsView.xib; sourceTree = "<group>"; };
		D390A20722BFB0FC003F31F7 /* ConversationDetailsViewController.swift */ = {isa = PBXFileReference; lastKnownFileType = sourcecode.swift; path = ConversationDetailsViewController.swift; sourceTree = "<group>"; };
		D39EF22022894CEA00CA340A /* ImageMessageCell.swift */ = {isa = PBXFileReference; lastKnownFileType = sourcecode.swift; path = ImageMessageCell.swift; sourceTree = "<group>"; };
		D39EF22222894D5400CA340A /* ImageMessageCell.xib */ = {isa = PBXFileReference; lastKnownFileType = file.xib; path = ImageMessageCell.xib; sourceTree = "<group>"; };
		D3D242052250E49200BF8D31 /* MessageListView.xib */ = {isa = PBXFileReference; lastKnownFileType = file.xib; path = MessageListView.xib; sourceTree = "<group>"; };
		D3D4475722A798E600569AE0 /* ContactListViewController.swift */ = {isa = PBXFileReference; lastKnownFileType = sourcecode.swift; path = ContactListViewController.swift; sourceTree = "<group>"; };
		D3D4475922A7991500569AE0 /* ContactListView.xib */ = {isa = PBXFileReference; lastKnownFileType = file.xib; path = ContactListView.xib; sourceTree = "<group>"; };
		D3E5CD32224DFE3C00F7EF85 /* NormalConversationListView.xib */ = {isa = PBXFileReference; lastKnownFileType = file.xib; path = NormalConversationListView.xib; sourceTree = "<group>"; };
		D3E5CD36224E004D00F7EF85 /* NormalConversationListCell.swift */ = {isa = PBXFileReference; lastKnownFileType = sourcecode.swift; path = NormalConversationListCell.swift; sourceTree = "<group>"; };
		D3E5CD38224E01B600F7EF85 /* NormalConversationListCell.xib */ = {isa = PBXFileReference; lastKnownFileType = file.xib; path = NormalConversationListCell.xib; sourceTree = "<group>"; };
		D3EE955C22C5EE4500FEFF8C /* TemporaryConversationListViewController.swift */ = {isa = PBXFileReference; lastKnownFileType = sourcecode.swift; path = TemporaryConversationListViewController.swift; sourceTree = "<group>"; };
		D3EE955E22C5EE6500FEFF8C /* TemporaryConversationListView.xib */ = {isa = PBXFileReference; lastKnownFileType = file.xib; path = TemporaryConversationListView.xib; sourceTree = "<group>"; };
		D3F939DF238D12FE00BE4702 /* VoIP.app */ = {isa = PBXFileReference; explicitFileType = wrapper.application; includeInIndex = 0; path = VoIP.app; sourceTree = BUILT_PRODUCTS_DIR; };
		D3F939E1238D12FE00BE4702 /* AppDelegate.swift */ = {isa = PBXFileReference; lastKnownFileType = sourcecode.swift; path = AppDelegate.swift; sourceTree = "<group>"; };
		D3F939E3238D12FE00BE4702 /* SceneDelegate.swift */ = {isa = PBXFileReference; lastKnownFileType = sourcecode.swift; path = SceneDelegate.swift; sourceTree = "<group>"; };
		D3F939E5238D12FE00BE4702 /* ViewController.swift */ = {isa = PBXFileReference; lastKnownFileType = sourcecode.swift; path = ViewController.swift; sourceTree = "<group>"; };
		D3F939E8238D12FE00BE4702 /* Base */ = {isa = PBXFileReference; lastKnownFileType = file.storyboard; name = Base; path = Base.lproj/Main.storyboard; sourceTree = "<group>"; };
		D3F939EA238D130100BE4702 /* Assets.xcassets */ = {isa = PBXFileReference; lastKnownFileType = folder.assetcatalog; path = Assets.xcassets; sourceTree = "<group>"; };
		D3F939ED238D130100BE4702 /* Base */ = {isa = PBXFileReference; lastKnownFileType = file.storyboard; name = Base; path = Base.lproj/LaunchScreen.storyboard; sourceTree = "<group>"; };
		D3F939EF238D130100BE4702 /* Info.plist */ = {isa = PBXFileReference; lastKnownFileType = text.plist.xml; path = Info.plist; sourceTree = "<group>"; };
		D3F939F3238D137600BE4702 /* VoIP.entitlements */ = {isa = PBXFileReference; lastKnownFileType = text.plist.entitlements; path = VoIP.entitlements; sourceTree = "<group>"; };
		D7D08CDE43CC6FABB3AC36D0 /* Pods-VoIP.debug.xcconfig */ = {isa = PBXFileReference; includeInIndex = 1; lastKnownFileType = text.xcconfig; name = "Pods-VoIP.debug.xcconfig"; path = "Target Support Files/Pods-VoIP/Pods-VoIP.debug.xcconfig"; sourceTree = "<group>"; };
/* End PBXFileReference section */

/* Begin PBXFrameworksBuildPhase section */
		D30FB5772248D8E900F233EF /* Frameworks */ = {
			isa = PBXFrameworksBuildPhase;
			buildActionMask = 2147483647;
			files = (
				778F6E85D5E71E2151A335C5 /* libPods-Chat.a in Frameworks */,
			);
			runOnlyForDeploymentPostprocessing = 0;
		};
		D31064B62A7268470015C737 /* Frameworks */ = {
			isa = PBXFrameworksBuildPhase;
			buildActionMask = 2147483647;
			files = (
			);
			runOnlyForDeploymentPostprocessing = 0;
		};
		D3F939DC238D12FE00BE4702 /* Frameworks */ = {
			isa = PBXFrameworksBuildPhase;
			buildActionMask = 2147483647;
			files = (
				70E99B1FE6D4EBF75FC47711 /* libPods-VoIP.a in Frameworks */,
			);
			runOnlyForDeploymentPostprocessing = 0;
		};
/* End PBXFrameworksBuildPhase section */

/* Begin PBXGroup section */
		7F1BDB506A969EBF168F911A /* Pods */ = {
			isa = PBXGroup;
			children = (
				9B2A84456CE05BE80CCBDD1B /* Pods-Chat.debug.xcconfig */,
				B1463FB2FCE482D99309F21B /* Pods-Chat.release.xcconfig */,
				D7D08CDE43CC6FABB3AC36D0 /* Pods-VoIP.debug.xcconfig */,
				0743E4E62C0183CE15345A28 /* Pods-VoIP.release.xcconfig */,
			);
			path = Pods;
			sourceTree = "<group>";
		};
		8D0BFBF55F34F5D09AF96CFF /* Frameworks */ = {
			isa = PBXGroup;
			children = (
				17C39CAE5124D21008AE7D1C /* libPods-Chat.a */,
				A897C1A555147F11E1E483C3 /* libPods-VoIP.a */,
			);
			name = Frameworks;
			sourceTree = "<group>";
		};
		D30FB5712248D8E900F233EF = {
			isa = PBXGroup;
			children = (
				D30FB57C2248D8E900F233EF /* Chat */,
				D3F939E0238D12FE00BE4702 /* VoIP */,
				D31064BA2A7268470015C737 /* NotificationService */,
				D30FB57B2248D8E900F233EF /* Products */,
				7F1BDB506A969EBF168F911A /* Pods */,
				8D0BFBF55F34F5D09AF96CFF /* Frameworks */,
			);
			sourceTree = "<group>";
		};
		D30FB57B2248D8E900F233EF /* Products */ = {
			isa = PBXGroup;
			children = (
				D30FB57A2248D8E900F233EF /* Chat.app */,
				D3F939DF238D12FE00BE4702 /* VoIP.app */,
				D31064B92A7268470015C737 /* NotificationService.appex */,
			);
			name = Products;
			sourceTree = "<group>";
		};
		D30FB57C2248D8E900F233EF /* Chat */ = {
			isa = PBXGroup;
			children = (
				D38B3D2E22924DE6003E716D /* Chat.entitlements */,
				D30FB57D2248D8E900F233EF /* AppDelegate.swift */,
				D386653122A8F53300BAFE40 /* LaunchViewController.swift */,
				D386653422A8F59800BAFE40 /* LaunchView.xib */,
				D3100771224B56BE00297DC4 /* TabBarController.swift */,
				D386653322A8F56800BAFE40 /* Capabilities */,
				D3453842227EE0FD00A7A6C2 /* NormalConversation */,
				D34A620B22C1DFE200550E00 /* ChatRoom */,
				D386170F22C4BFB400CF3AB6 /* ServiceConversation */,
				D3EE955B22C5EE0300FEFF8C /* TemporaryConversation */,
				D399BF3E22BA3A0D00D54050 /* Message */,
				D3453843227EE17E00A7A6C2 /* Settings */,
				D35F84B4228AB0870030821C /* Others */,
				D30FB5842248D8EA00F233EF /* Assets.xcassets */,
				D30FB5862248D8EA00F233EF /* LaunchScreen.storyboard */,
				D30FB5892248D8EA00F233EF /* Info.plist */,
			);
			path = Chat;
			sourceTree = "<group>";
		};
		D31064BA2A7268470015C737 /* NotificationService */ = {
			isa = PBXGroup;
			children = (
				D31064BB2A7268470015C737 /* NotificationService.h */,
				D31064BC2A7268470015C737 /* NotificationService.m */,
				D31064BE2A7268470015C737 /* Info.plist */,
			);
			path = NotificationService;
			sourceTree = "<group>";
		};
		D3453842227EE0FD00A7A6C2 /* NormalConversation */ = {
			isa = PBXGroup;
			children = (
				D3100773224B668A00297DC4 /* NormalConversationListViewController.swift */,
				D3E5CD32224DFE3C00F7EF85 /* NormalConversationListView.xib */,
				D3E5CD36224E004D00F7EF85 /* NormalConversationListCell.swift */,
				D3E5CD38224E01B600F7EF85 /* NormalConversationListCell.xib */,
			);
			path = NormalConversation;
			sourceTree = "<group>";
		};
		D3453843227EE17E00A7A6C2 /* Settings */ = {
			isa = PBXGroup;
			children = (
				D3453838227EDC8D00A7A6C2 /* SettingsViewController.swift */,
				D345383A227EDD5200A7A6C2 /* SettingsView.xib */,
			);
			path = Settings;
			sourceTree = "<group>";
		};
		D34A620B22C1DFE200550E00 /* ChatRoom */ = {
			isa = PBXGroup;
			children = (
				D34A620C22C1E01E00550E00 /* ChatRoomListViewController.swift */,
				D34A620E22C1E09000550E00 /* ChatRoomListView.xib */,
			);
			path = ChatRoom;
			sourceTree = "<group>";
		};
		D35F84B4228AB0870030821C /* Others */ = {
			isa = PBXGroup;
			children = (
				D3D4475722A798E600569AE0 /* ContactListViewController.swift */,
				D3D4475922A7991500569AE0 /* ContactListView.xib */,
				D35F84B5228AB0DA0030821C /* AudioViewController.swift */,
				D35F84B7228AB10D0030821C /* AudioView.xib */,
				D34A1FD6228DC2B9006746BF /* FileViewController.swift */,
				D34A1FD8228DC2DA006746BF /* FileView.xib */,
				D390A20122BFA870003F31F7 /* TextEditViewController.swift */,
				D390A20322BFA890003F31F7 /* TextEditView.xib */,
			);
			path = Others;
			sourceTree = "<group>";
		};
		D386170F22C4BFB400CF3AB6 /* ServiceConversation */ = {
			isa = PBXGroup;
			children = (
				D386171022C4BFE800CF3AB6 /* ServiceConversationListViewController.swift */,
				D386171222C4C00D00CF3AB6 /* ServiceConversationListView.xib */,
			);
			path = ServiceConversation;
			sourceTree = "<group>";
		};
		D386653322A8F56800BAFE40 /* Capabilities */ = {
			isa = PBXGroup;
			children = (
				D3100777224B6BDB00297DC4 /* Client.swift */,
				D34A1FCC228DAE9C006746BF /* LocationManager.swift */,
				D3453836227ED33C00A7A6C2 /* Extension.swift */,
				D389649E22B7473200952125 /* Configuration.swift */,
			);
			path = Capabilities;
			sourceTree = "<group>";
		};
		D399BF3E22BA3A0D00D54050 /* Message */ = {
			isa = PBXGroup;
			children = (
				D3100775224B66CD00297DC4 /* MessageListViewController.swift */,
				D3D242052250E49200BF8D31 /* MessageListView.xib */,
				D345D0C922828AFF00A86D94 /* TextMessageCell.swift */,
				D345D0CB22828B0D00A86D94 /* TextMessageCell.xib */,
				D39EF22022894CEA00CA340A /* ImageMessageCell.swift */,
				D39EF22222894D5400CA340A /* ImageMessageCell.xib */,
				D35F84B0228A99860030821C /* MediaMessageCell.swift */,
				D35F84B2228A9BA80030821C /* MediaMessageCell.xib */,
				D34A1FDA228DCB1C006746BF /* RecalledMessageCell.swift */,
				D34A1FDC228DCB9B006746BF /* RecalledMessageCell.xib */,
				D390A20722BFB0FC003F31F7 /* ConversationDetailsViewController.swift */,
				D390A20522BFB00A003F31F7 /* ConversationDetailsView.xib */,
			);
			path = Message;
			sourceTree = "<group>";
		};
		D3EE955B22C5EE0300FEFF8C /* TemporaryConversation */ = {
			isa = PBXGroup;
			children = (
				D3EE955C22C5EE4500FEFF8C /* TemporaryConversationListViewController.swift */,
				D3EE955E22C5EE6500FEFF8C /* TemporaryConversationListView.xib */,
			);
			path = TemporaryConversation;
			sourceTree = "<group>";
		};
		D3F939E0238D12FE00BE4702 /* VoIP */ = {
			isa = PBXGroup;
			children = (
				D3F939F3238D137600BE4702 /* VoIP.entitlements */,
				D3F939E1238D12FE00BE4702 /* AppDelegate.swift */,
				D3F939E3238D12FE00BE4702 /* SceneDelegate.swift */,
				D3F939E5238D12FE00BE4702 /* ViewController.swift */,
				D3F939E7238D12FE00BE4702 /* Main.storyboard */,
				D3F939EA238D130100BE4702 /* Assets.xcassets */,
				D3F939EC238D130100BE4702 /* LaunchScreen.storyboard */,
				D3F939EF238D130100BE4702 /* Info.plist */,
			);
			path = VoIP;
			sourceTree = "<group>";
		};
/* End PBXGroup section */

/* Begin PBXNativeTarget section */
		D30FB5792248D8E900F233EF /* Chat */ = {
			isa = PBXNativeTarget;
			buildConfigurationList = D30FB58C2248D8EA00F233EF /* Build configuration list for PBXNativeTarget "Chat" */;
			buildPhases = (
				60C291C0F6DBDCB564F8AB16 /* [CP] Check Pods Manifest.lock */,
				D30FB5762248D8E900F233EF /* Sources */,
				D30FB5772248D8E900F233EF /* Frameworks */,
				D30FB5782248D8E900F233EF /* Resources */,
				D31064C52A7268470015C737 /* Embed Foundation Extensions */,
			);
			buildRules = (
			);
			dependencies = (
				D31064C02A7268470015C737 /* PBXTargetDependency */,
			);
			name = Chat;
			productName = "swift-sdk-demo";
			productReference = D30FB57A2248D8E900F233EF /* Chat.app */;
			productType = "com.apple.product-type.application";
		};
		D31064B82A7268470015C737 /* NotificationService */ = {
			isa = PBXNativeTarget;
			buildConfigurationList = D31064C22A7268470015C737 /* Build configuration list for PBXNativeTarget "NotificationService" */;
			buildPhases = (
				D31064B52A7268470015C737 /* Sources */,
				D31064B62A7268470015C737 /* Frameworks */,
				D31064B72A7268470015C737 /* Resources */,
			);
			buildRules = (
			);
			dependencies = (
			);
			name = NotificationService;
			productName = NotificationService;
			productReference = D31064B92A7268470015C737 /* NotificationService.appex */;
			productType = "com.apple.product-type.app-extension";
		};
		D3F939DE238D12FE00BE4702 /* VoIP */ = {
			isa = PBXNativeTarget;
			buildConfigurationList = D3F939F2238D130100BE4702 /* Build configuration list for PBXNativeTarget "VoIP" */;
			buildPhases = (
				1D958970DAD203EF70DC6822 /* [CP] Check Pods Manifest.lock */,
				D3F939DB238D12FE00BE4702 /* Sources */,
				D3F939DC238D12FE00BE4702 /* Frameworks */,
				D3F939DD238D12FE00BE4702 /* Resources */,
			);
			buildRules = (
			);
			dependencies = (
			);
			name = VoIP;
			productName = VoIP;
			productReference = D3F939DF238D12FE00BE4702 /* VoIP.app */;
			productType = "com.apple.product-type.application";
		};
/* End PBXNativeTarget section */

/* Begin PBXProject section */
		D30FB5722248D8E900F233EF /* Project object */ = {
			isa = PBXProject;
			attributes = {
				LastSwiftUpdateCheck = 1120;
				LastUpgradeCheck = 1310;
				ORGANIZATIONNAME = LeanCloud;
				TargetAttributes = {
					D30FB5792248D8E900F233EF = {
						CreatedOnToolsVersion = 10.1;
						LastSwiftMigration = 1020;
						SystemCapabilities = {
							com.apple.Push = {
								enabled = 1;
							};
						};
					};
					D31064B82A7268470015C737 = {
						CreatedOnToolsVersion = 14.3.1;
					};
					D3F939DE238D12FE00BE4702 = {
						CreatedOnToolsVersion = 11.2.1;
					};
				};
			};
			buildConfigurationList = D30FB5752248D8E900F233EF /* Build configuration list for PBXProject "swift-sdk-demo" */;
			compatibilityVersion = "Xcode 9.3";
			developmentRegion = en;
			hasScannedForEncodings = 0;
			knownRegions = (
				en,
				Base,
			);
			mainGroup = D30FB5712248D8E900F233EF;
			productRefGroup = D30FB57B2248D8E900F233EF /* Products */;
			projectDirPath = "";
			projectRoot = "";
			targets = (
				D30FB5792248D8E900F233EF /* Chat */,
				D3F939DE238D12FE00BE4702 /* VoIP */,
				D31064B82A7268470015C737 /* NotificationService */,
			);
		};
/* End PBXProject section */

/* Begin PBXResourcesBuildPhase section */
		D30FB5782248D8E900F233EF /* Resources */ = {
			isa = PBXResourcesBuildPhase;
			buildActionMask = 2147483647;
			files = (
				D30FB5882248D8EA00F233EF /* LaunchScreen.storyboard in Resources */,
				D34A620F22C1E09000550E00 /* ChatRoomListView.xib in Resources */,
				D345383B227EDD5200A7A6C2 /* SettingsView.xib in Resources */,
				D39EF22322894D5400CA340A /* ImageMessageCell.xib in Resources */,
				D3EE955F22C5EE6500FEFF8C /* TemporaryConversationListView.xib in Resources */,
				D30FB5852248D8EA00F233EF /* Assets.xcassets in Resources */,
				D35F84B8228AB10D0030821C /* AudioView.xib in Resources */,
				D3E5CD33224DFE3C00F7EF85 /* NormalConversationListView.xib in Resources */,
				D3E5CD39224E01B600F7EF85 /* NormalConversationListCell.xib in Resources */,
				D390A20422BFA890003F31F7 /* TextEditView.xib in Resources */,
				D34A1FDD228DCB9B006746BF /* RecalledMessageCell.xib in Resources */,
				D390A20622BFB00A003F31F7 /* ConversationDetailsView.xib in Resources */,
				D3D4475A22A7991500569AE0 /* ContactListView.xib in Resources */,
				D35F84B3228A9BA80030821C /* MediaMessageCell.xib in Resources */,
				D3D242062250E49200BF8D31 /* MessageListView.xib in Resources */,
				D34A1FD9228DC2DA006746BF /* FileView.xib in Resources */,
				D345D0CC22828B0D00A86D94 /* TextMessageCell.xib in Resources */,
				D386653522A8F59800BAFE40 /* LaunchView.xib in Resources */,
				D386171322C4C00D00CF3AB6 /* ServiceConversationListView.xib in Resources */,
			);
			runOnlyForDeploymentPostprocessing = 0;
		};
		D31064B72A7268470015C737 /* Resources */ = {
			isa = PBXResourcesBuildPhase;
			buildActionMask = 2147483647;
			files = (
			);
			runOnlyForDeploymentPostprocessing = 0;
		};
		D3F939DD238D12FE00BE4702 /* Resources */ = {
			isa = PBXResourcesBuildPhase;
			buildActionMask = 2147483647;
			files = (
				D3F939EE238D130100BE4702 /* LaunchScreen.storyboard in Resources */,
				D3F939EB238D130100BE4702 /* Assets.xcassets in Resources */,
				D3F939E9238D12FE00BE4702 /* Main.storyboard in Resources */,
			);
			runOnlyForDeploymentPostprocessing = 0;
		};
/* End PBXResourcesBuildPhase section */

/* Begin PBXShellScriptBuildPhase section */
		1D958970DAD203EF70DC6822 /* [CP] Check Pods Manifest.lock */ = {
			isa = PBXShellScriptBuildPhase;
			buildActionMask = 2147483647;
			files = (
			);
			inputFileListPaths = (
			);
			inputPaths = (
				"${PODS_PODFILE_DIR_PATH}/Podfile.lock",
				"${PODS_ROOT}/Manifest.lock",
			);
			name = "[CP] Check Pods Manifest.lock";
			outputFileListPaths = (
			);
			outputPaths = (
				"$(DERIVED_FILE_DIR)/Pods-VoIP-checkManifestLockResult.txt",
			);
			runOnlyForDeploymentPostprocessing = 0;
			shellPath = /bin/sh;
			shellScript = "diff \"${PODS_PODFILE_DIR_PATH}/Podfile.lock\" \"${PODS_ROOT}/Manifest.lock\" > /dev/null\nif [ $? != 0 ] ; then\n    # print error to STDERR\n    echo \"error: The sandbox is not in sync with the Podfile.lock. Run 'pod install' or update your CocoaPods installation.\" >&2\n    exit 1\nfi\n# This output is used by Xcode 'outputs' to avoid re-running this script phase.\necho \"SUCCESS\" > \"${SCRIPT_OUTPUT_FILE_0}\"\n";
			showEnvVarsInLog = 0;
		};
		60C291C0F6DBDCB564F8AB16 /* [CP] Check Pods Manifest.lock */ = {
			isa = PBXShellScriptBuildPhase;
			buildActionMask = 2147483647;
			files = (
			);
			inputFileListPaths = (
			);
			inputPaths = (
				"${PODS_PODFILE_DIR_PATH}/Podfile.lock",
				"${PODS_ROOT}/Manifest.lock",
			);
			name = "[CP] Check Pods Manifest.lock";
			outputFileListPaths = (
			);
			outputPaths = (
				"$(DERIVED_FILE_DIR)/Pods-Chat-checkManifestLockResult.txt",
			);
			runOnlyForDeploymentPostprocessing = 0;
			shellPath = /bin/sh;
			shellScript = "diff \"${PODS_PODFILE_DIR_PATH}/Podfile.lock\" \"${PODS_ROOT}/Manifest.lock\" > /dev/null\nif [ $? != 0 ] ; then\n    # print error to STDERR\n    echo \"error: The sandbox is not in sync with the Podfile.lock. Run 'pod install' or update your CocoaPods installation.\" >&2\n    exit 1\nfi\n# This output is used by Xcode 'outputs' to avoid re-running this script phase.\necho \"SUCCESS\" > \"${SCRIPT_OUTPUT_FILE_0}\"\n";
			showEnvVarsInLog = 0;
		};
/* End PBXShellScriptBuildPhase section */

/* Begin PBXSourcesBuildPhase section */
		D30FB5762248D8E900F233EF /* Sources */ = {
			isa = PBXSourcesBuildPhase;
			buildActionMask = 2147483647;
			files = (
				D34A1FD7228DC2B9006746BF /* FileViewController.swift in Sources */,
				D35F84B6228AB0DA0030821C /* AudioViewController.swift in Sources */,
				D34A1FDB228DCB1C006746BF /* RecalledMessageCell.swift in Sources */,
				D3100776224B66CD00297DC4 /* MessageListViewController.swift in Sources */,
				D3100778224B6BDB00297DC4 /* Client.swift in Sources */,
				D3100774224B668A00297DC4 /* NormalConversationListViewController.swift in Sources */,
				D3100772224B56BE00297DC4 /* TabBarController.swift in Sources */,
				D30FB57E2248D8E900F233EF /* AppDelegate.swift in Sources */,
				D345D0CA22828AFF00A86D94 /* TextMessageCell.swift in Sources */,
				D39EF22122894CEA00CA340A /* ImageMessageCell.swift in Sources */,
				D34A1FCD228DAE9C006746BF /* LocationManager.swift in Sources */,
				D386171122C4BFE800CF3AB6 /* ServiceConversationListViewController.swift in Sources */,
				D3EE955D22C5EE4500FEFF8C /* TemporaryConversationListViewController.swift in Sources */,
				D3453839227EDC8D00A7A6C2 /* SettingsViewController.swift in Sources */,
				D390A20222BFA870003F31F7 /* TextEditViewController.swift in Sources */,
				D386653222A8F53300BAFE40 /* LaunchViewController.swift in Sources */,
				D3D4475822A798E600569AE0 /* ContactListViewController.swift in Sources */,
				D35F84B1228A99860030821C /* MediaMessageCell.swift in Sources */,
				D389649F22B7473200952125 /* Configuration.swift in Sources */,
				D3453837227ED33C00A7A6C2 /* Extension.swift in Sources */,
				D390A20822BFB0FC003F31F7 /* ConversationDetailsViewController.swift in Sources */,
				D34A620D22C1E01E00550E00 /* ChatRoomListViewController.swift in Sources */,
				D3E5CD37224E004D00F7EF85 /* NormalConversationListCell.swift in Sources */,
			);
			runOnlyForDeploymentPostprocessing = 0;
		};
		D31064B52A7268470015C737 /* Sources */ = {
			isa = PBXSourcesBuildPhase;
			buildActionMask = 2147483647;
			files = (
				D31064BD2A7268470015C737 /* NotificationService.m in Sources */,
			);
			runOnlyForDeploymentPostprocessing = 0;
		};
		D3F939DB238D12FE00BE4702 /* Sources */ = {
			isa = PBXSourcesBuildPhase;
			buildActionMask = 2147483647;
			files = (
				D3F939E6238D12FE00BE4702 /* ViewController.swift in Sources */,
				D3F939E2238D12FE00BE4702 /* AppDelegate.swift in Sources */,
				D3F939E4238D12FE00BE4702 /* SceneDelegate.swift in Sources */,
			);
			runOnlyForDeploymentPostprocessing = 0;
		};
/* End PBXSourcesBuildPhase section */

/* Begin PBXTargetDependency section */
		D31064C02A7268470015C737 /* PBXTargetDependency */ = {
			isa = PBXTargetDependency;
			target = D31064B82A7268470015C737 /* NotificationService */;
			targetProxy = D31064BF2A7268470015C737 /* PBXContainerItemProxy */;
		};
/* End PBXTargetDependency section */

/* Begin PBXVariantGroup section */
		D30FB5862248D8EA00F233EF /* LaunchScreen.storyboard */ = {
			isa = PBXVariantGroup;
			children = (
				D30FB5872248D8EA00F233EF /* Base */,
			);
			name = LaunchScreen.storyboard;
			sourceTree = "<group>";
		};
		D3F939E7238D12FE00BE4702 /* Main.storyboard */ = {
			isa = PBXVariantGroup;
			children = (
				D3F939E8238D12FE00BE4702 /* Base */,
			);
			name = Main.storyboard;
			sourceTree = "<group>";
		};
		D3F939EC238D130100BE4702 /* LaunchScreen.storyboard */ = {
			isa = PBXVariantGroup;
			children = (
				D3F939ED238D130100BE4702 /* Base */,
			);
			name = LaunchScreen.storyboard;
			sourceTree = "<group>";
		};
/* End PBXVariantGroup section */

/* Begin XCBuildConfiguration section */
		D30FB58A2248D8EA00F233EF /* Debug */ = {
			isa = XCBuildConfiguration;
			buildSettings = {
				ALWAYS_SEARCH_USER_PATHS = NO;
				CLANG_ANALYZER_NONNULL = YES;
				CLANG_ANALYZER_NUMBER_OBJECT_CONVERSION = YES_AGGRESSIVE;
				CLANG_CXX_LANGUAGE_STANDARD = "gnu++14";
				CLANG_CXX_LIBRARY = "libc++";
				CLANG_ENABLE_MODULES = YES;
				CLANG_ENABLE_OBJC_ARC = YES;
				CLANG_ENABLE_OBJC_WEAK = YES;
				CLANG_WARN_BLOCK_CAPTURE_AUTORELEASING = YES;
				CLANG_WARN_BOOL_CONVERSION = YES;
				CLANG_WARN_COMMA = YES;
				CLANG_WARN_CONSTANT_CONVERSION = YES;
				CLANG_WARN_DEPRECATED_OBJC_IMPLEMENTATIONS = YES;
				CLANG_WARN_DIRECT_OBJC_ISA_USAGE = YES_ERROR;
				CLANG_WARN_DOCUMENTATION_COMMENTS = YES;
				CLANG_WARN_EMPTY_BODY = YES;
				CLANG_WARN_ENUM_CONVERSION = YES;
				CLANG_WARN_INFINITE_RECURSION = YES;
				CLANG_WARN_INT_CONVERSION = YES;
				CLANG_WARN_NON_LITERAL_NULL_CONVERSION = YES;
				CLANG_WARN_OBJC_IMPLICIT_RETAIN_SELF = YES;
				CLANG_WARN_OBJC_LITERAL_CONVERSION = YES;
				CLANG_WARN_OBJC_ROOT_CLASS = YES_ERROR;
				CLANG_WARN_QUOTED_INCLUDE_IN_FRAMEWORK_HEADER = YES;
				CLANG_WARN_RANGE_LOOP_ANALYSIS = YES;
				CLANG_WARN_STRICT_PROTOTYPES = YES;
				CLANG_WARN_SUSPICIOUS_MOVE = YES;
				CLANG_WARN_UNGUARDED_AVAILABILITY = YES_AGGRESSIVE;
				CLANG_WARN_UNREACHABLE_CODE = YES;
				CLANG_WARN__DUPLICATE_METHOD_MATCH = YES;
				CODE_SIGN_IDENTITY = "iPhone Developer";
				COPY_PHASE_STRIP = NO;
				DEBUG_INFORMATION_FORMAT = dwarf;
				ENABLE_STRICT_OBJC_MSGSEND = YES;
				ENABLE_TESTABILITY = YES;
				GCC_C_LANGUAGE_STANDARD = gnu11;
				GCC_DYNAMIC_NO_PIC = NO;
				GCC_NO_COMMON_BLOCKS = YES;
				GCC_OPTIMIZATION_LEVEL = 0;
				GCC_PREPROCESSOR_DEFINITIONS = (
					"DEBUG=1",
					"$(inherited)",
				);
				GCC_WARN_64_TO_32_BIT_CONVERSION = YES;
				GCC_WARN_ABOUT_RETURN_TYPE = YES_ERROR;
				GCC_WARN_UNDECLARED_SELECTOR = YES;
				GCC_WARN_UNINITIALIZED_AUTOS = YES_AGGRESSIVE;
				GCC_WARN_UNUSED_FUNCTION = YES;
				GCC_WARN_UNUSED_VARIABLE = YES;
				IPHONEOS_DEPLOYMENT_TARGET = 12.1;
				MTL_ENABLE_DEBUG_INFO = INCLUDE_SOURCE;
				MTL_FAST_MATH = YES;
				ONLY_ACTIVE_ARCH = YES;
				SDKROOT = iphoneos;
				SWIFT_ACTIVE_COMPILATION_CONDITIONS = DEBUG;
				SWIFT_OPTIMIZATION_LEVEL = "-Onone";
			};
			name = Debug;
		};
		D30FB58B2248D8EA00F233EF /* Release */ = {
			isa = XCBuildConfiguration;
			buildSettings = {
				ALWAYS_SEARCH_USER_PATHS = NO;
				CLANG_ANALYZER_NONNULL = YES;
				CLANG_ANALYZER_NUMBER_OBJECT_CONVERSION = YES_AGGRESSIVE;
				CLANG_CXX_LANGUAGE_STANDARD = "gnu++14";
				CLANG_CXX_LIBRARY = "libc++";
				CLANG_ENABLE_MODULES = YES;
				CLANG_ENABLE_OBJC_ARC = YES;
				CLANG_ENABLE_OBJC_WEAK = YES;
				CLANG_WARN_BLOCK_CAPTURE_AUTORELEASING = YES;
				CLANG_WARN_BOOL_CONVERSION = YES;
				CLANG_WARN_COMMA = YES;
				CLANG_WARN_CONSTANT_CONVERSION = YES;
				CLANG_WARN_DEPRECATED_OBJC_IMPLEMENTATIONS = YES;
				CLANG_WARN_DIRECT_OBJC_ISA_USAGE = YES_ERROR;
				CLANG_WARN_DOCUMENTATION_COMMENTS = YES;
				CLANG_WARN_EMPTY_BODY = YES;
				CLANG_WARN_ENUM_CONVERSION = YES;
				CLANG_WARN_INFINITE_RECURSION = YES;
				CLANG_WARN_INT_CONVERSION = YES;
				CLANG_WARN_NON_LITERAL_NULL_CONVERSION = YES;
				CLANG_WARN_OBJC_IMPLICIT_RETAIN_SELF = YES;
				CLANG_WARN_OBJC_LITERAL_CONVERSION = YES;
				CLANG_WARN_OBJC_ROOT_CLASS = YES_ERROR;
				CLANG_WARN_QUOTED_INCLUDE_IN_FRAMEWORK_HEADER = YES;
				CLANG_WARN_RANGE_LOOP_ANALYSIS = YES;
				CLANG_WARN_STRICT_PROTOTYPES = YES;
				CLANG_WARN_SUSPICIOUS_MOVE = YES;
				CLANG_WARN_UNGUARDED_AVAILABILITY = YES_AGGRESSIVE;
				CLANG_WARN_UNREACHABLE_CODE = YES;
				CLANG_WARN__DUPLICATE_METHOD_MATCH = YES;
				CODE_SIGN_IDENTITY = "iPhone Developer";
				COPY_PHASE_STRIP = NO;
				DEBUG_INFORMATION_FORMAT = "dwarf-with-dsym";
				ENABLE_NS_ASSERTIONS = NO;
				ENABLE_STRICT_OBJC_MSGSEND = YES;
				GCC_C_LANGUAGE_STANDARD = gnu11;
				GCC_NO_COMMON_BLOCKS = YES;
				GCC_WARN_64_TO_32_BIT_CONVERSION = YES;
				GCC_WARN_ABOUT_RETURN_TYPE = YES_ERROR;
				GCC_WARN_UNDECLARED_SELECTOR = YES;
				GCC_WARN_UNINITIALIZED_AUTOS = YES_AGGRESSIVE;
				GCC_WARN_UNUSED_FUNCTION = YES;
				GCC_WARN_UNUSED_VARIABLE = YES;
				IPHONEOS_DEPLOYMENT_TARGET = 12.1;
				MTL_ENABLE_DEBUG_INFO = NO;
				MTL_FAST_MATH = YES;
				SDKROOT = iphoneos;
				SWIFT_COMPILATION_MODE = wholemodule;
				SWIFT_OPTIMIZATION_LEVEL = "-O";
				VALIDATE_PRODUCT = YES;
			};
			name = Release;
		};
		D30FB58D2248D8EA00F233EF /* Debug */ = {
			isa = XCBuildConfiguration;
			baseConfigurationReference = 9B2A84456CE05BE80CCBDD1B /* Pods-Chat.debug.xcconfig */;
			buildSettings = {
				ASSETCATALOG_COMPILER_APPICON_NAME = AppIcon;
				CODE_SIGN_ENTITLEMENTS = Chat/Chat.entitlements;
				CODE_SIGN_STYLE = Automatic;
				DEVELOPMENT_TEAM = Y6X8P44TM5;
				INFOPLIST_FILE = "$(SRCROOT)/Chat/Info.plist";
				IPHONEOS_DEPLOYMENT_TARGET = 12.0;
				LD_RUNPATH_SEARCH_PATHS = (
					"$(inherited)",
					"@executable_path/Frameworks",
				);
				PRODUCT_BUNDLE_IDENTIFIER = "leancloud.swift-sdk-demo.chat.1";
				PRODUCT_NAME = "$(TARGET_NAME)";
				SWIFT_VERSION = 5.0;
				TARGETED_DEVICE_FAMILY = "1,2";
			};
			name = Debug;
		};
		D30FB58E2248D8EA00F233EF /* Release */ = {
			isa = XCBuildConfiguration;
			baseConfigurationReference = B1463FB2FCE482D99309F21B /* Pods-Chat.release.xcconfig */;
			buildSettings = {
				ASSETCATALOG_COMPILER_APPICON_NAME = AppIcon;
				CODE_SIGN_ENTITLEMENTS = Chat/Chat.entitlements;
				CODE_SIGN_STYLE = Automatic;
				DEVELOPMENT_TEAM = Y6X8P44TM5;
				INFOPLIST_FILE = "$(SRCROOT)/Chat/Info.plist";
				IPHONEOS_DEPLOYMENT_TARGET = 12.0;
				LD_RUNPATH_SEARCH_PATHS = (
					"$(inherited)",
					"@executable_path/Frameworks",
				);
				PRODUCT_BUNDLE_IDENTIFIER = "leancloud.swift-sdk-demo.chat.1";
				PRODUCT_NAME = "$(TARGET_NAME)";
				SWIFT_VERSION = 5.0;
				TARGETED_DEVICE_FAMILY = "1,2";
			};
			name = Release;
		};
		D31064C32A7268470015C737 /* Debug */ = {
			isa = XCBuildConfiguration;
			buildSettings = {
				CLANG_CXX_LANGUAGE_STANDARD = "gnu++20";
				CODE_SIGN_STYLE = Automatic;
				CURRENT_PROJECT_VERSION = 1;
				DEVELOPMENT_TEAM = Y6X8P44TM5;
				GENERATE_INFOPLIST_FILE = YES;
				INFOPLIST_FILE = NotificationService/Info.plist;
				INFOPLIST_KEY_CFBundleDisplayName = NotificationService;
				INFOPLIST_KEY_NSHumanReadableCopyright = "Copyright © 2023 LeanCloud. All rights reserved.";
				IPHONEOS_DEPLOYMENT_TARGET = 16.4;
				LD_RUNPATH_SEARCH_PATHS = (
					"$(inherited)",
					"@executable_path/Frameworks",
					"@executable_path/../../Frameworks",
				);
				MARKETING_VERSION = 1.0;
				PRODUCT_BUNDLE_IDENTIFIER = "leancloud.swift-sdk-demo.chat.1.NotificationService";
				PRODUCT_NAME = "$(TARGET_NAME)";
				SKIP_INSTALL = YES;
				SWIFT_EMIT_LOC_STRINGS = YES;
				TARGETED_DEVICE_FAMILY = "1,2";
			};
			name = Debug;
		};
		D31064C42A7268470015C737 /* Release */ = {
			isa = XCBuildConfiguration;
			buildSettings = {
				CLANG_CXX_LANGUAGE_STANDARD = "gnu++20";
				CODE_SIGN_STYLE = Automatic;
				CURRENT_PROJECT_VERSION = 1;
				DEVELOPMENT_TEAM = Y6X8P44TM5;
				GENERATE_INFOPLIST_FILE = YES;
				INFOPLIST_FILE = NotificationService/Info.plist;
				INFOPLIST_KEY_CFBundleDisplayName = NotificationService;
				INFOPLIST_KEY_NSHumanReadableCopyright = "Copyright © 2023 LeanCloud. All rights reserved.";
				IPHONEOS_DEPLOYMENT_TARGET = 16.4;
				LD_RUNPATH_SEARCH_PATHS = (
					"$(inherited)",
					"@executable_path/Frameworks",
					"@executable_path/../../Frameworks",
				);
				MARKETING_VERSION = 1.0;
				PRODUCT_BUNDLE_IDENTIFIER = "leancloud.swift-sdk-demo.chat.1.NotificationService";
				PRODUCT_NAME = "$(TARGET_NAME)";
				SKIP_INSTALL = YES;
				SWIFT_EMIT_LOC_STRINGS = YES;
				TARGETED_DEVICE_FAMILY = "1,2";
			};
			name = Release;
		};
		D3F939F0238D130100BE4702 /* Debug */ = {
			isa = XCBuildConfiguration;
			baseConfigurationReference = D7D08CDE43CC6FABB3AC36D0 /* Pods-VoIP.debug.xcconfig */;
			buildSettings = {
				ASSETCATALOG_COMPILER_APPICON_NAME = AppIcon;
				CODE_SIGN_ENTITLEMENTS = VoIP/VoIP.entitlements;
				CODE_SIGN_IDENTITY = "Apple Development";
				CODE_SIGN_STYLE = Automatic;
				DEVELOPMENT_TEAM = 7J5XFNL99Q;
				INFOPLIST_FILE = VoIP/Info.plist;
				IPHONEOS_DEPLOYMENT_TARGET = 13.0;
				LD_RUNPATH_SEARCH_PATHS = (
					"$(inherited)",
					"@executable_path/Frameworks",
				);
				PRODUCT_BUNDLE_IDENTIFIER = "leancloud.swift-sdk-demo.voiptest";
				PRODUCT_NAME = "$(TARGET_NAME)";
				PROVISIONING_PROFILE_SPECIFIER = "";
				SWIFT_VERSION = 5.0;
				TARGETED_DEVICE_FAMILY = "1,2";
			};
			name = Debug;
		};
		D3F939F1238D130100BE4702 /* Release */ = {
			isa = XCBuildConfiguration;
			baseConfigurationReference = 0743E4E62C0183CE15345A28 /* Pods-VoIP.release.xcconfig */;
			buildSettings = {
				ASSETCATALOG_COMPILER_APPICON_NAME = AppIcon;
				CODE_SIGN_ENTITLEMENTS = VoIP/VoIP.entitlements;
				CODE_SIGN_IDENTITY = "Apple Development";
				CODE_SIGN_STYLE = Automatic;
				DEVELOPMENT_TEAM = 7J5XFNL99Q;
				INFOPLIST_FILE = VoIP/Info.plist;
				IPHONEOS_DEPLOYMENT_TARGET = 13.0;
				LD_RUNPATH_SEARCH_PATHS = (
					"$(inherited)",
					"@executable_path/Frameworks",
				);
				PRODUCT_BUNDLE_IDENTIFIER = "leancloud.swift-sdk-demo.voiptest";
				PRODUCT_NAME = "$(TARGET_NAME)";
				PROVISIONING_PROFILE_SPECIFIER = "";
				SWIFT_VERSION = 5.0;
				TARGETED_DEVICE_FAMILY = "1,2";
			};
			name = Release;
		};
/* End XCBuildConfiguration section */

/* Begin XCConfigurationList section */
		D30FB5752248D8E900F233EF /* Build configuration list for PBXProject "swift-sdk-demo" */ = {
			isa = XCConfigurationList;
			buildConfigurations = (
				D30FB58A2248D8EA00F233EF /* Debug */,
				D30FB58B2248D8EA00F233EF /* Release */,
			);
			defaultConfigurationIsVisible = 0;
			defaultConfigurationName = Release;
		};
		D30FB58C2248D8EA00F233EF /* Build configuration list for PBXNativeTarget "Chat" */ = {
			isa = XCConfigurationList;
			buildConfigurations = (
				D30FB58D2248D8EA00F233EF /* Debug */,
				D30FB58E2248D8EA00F233EF /* Release */,
			);
			defaultConfigurationIsVisible = 0;
			defaultConfigurationName = Release;
		};
		D31064C22A7268470015C737 /* Build configuration list for PBXNativeTarget "NotificationService" */ = {
			isa = XCConfigurationList;
			buildConfigurations = (
				D31064C32A7268470015C737 /* Debug */,
				D31064C42A7268470015C737 /* Release */,
			);
			defaultConfigurationIsVisible = 0;
			defaultConfigurationName = Release;
		};
		D3F939F2238D130100BE4702 /* Build configuration list for PBXNativeTarget "VoIP" */ = {
			isa = XCConfigurationList;
			buildConfigurations = (
				D3F939F0238D130100BE4702 /* Debug */,
				D3F939F1238D130100BE4702 /* Release */,
			);
			defaultConfigurationIsVisible = 0;
			defaultConfigurationName = Release;
		};
/* End XCConfigurationList section */
	};
	rootObject = D30FB5722248D8E900F233EF /* Project object */;
}
