PODS:
  - AgoraRtcEngine_iOS (2.9.0)
  - Alamofire (4.8.2)
  - AlamofireImage (3.5.2):
    - Alamofire (~> 4.8)
  - FMDB (2.7.5):
    - FMDB/standard (= 2.7.5)
  - FMDB/standard (2.7.5)
  - LeanCloud (16.5.0):
    - LeanCloud/IM (= 16.5.0)
    - LeanCloud/Storage (= 16.5.0)
  - LeanCloud/IM (16.5.0):
    - FMDB (~> 2.7.0)
    - LeanCloud/Storage
    - Starscream (~> 3.1.0)
    - SwiftProtobuf (~> 1.6.0)
  - LeanCloud/Storage (16.5.0):
    - Alamofire (~> 4.8.0)
  - Starscream (3.1.0)
  - SwiftProtobuf (1.6.0)

DEPENDENCIES:
  - AgoraRtcEngine_iOS (~> 2.9)
  - AlamofireImage (~> 3.5)
  - LeanCloud (~> 16.5)

SPEC REPOS:
  https://github.com/cocoapods/specs.git:
    - AgoraRtcEngine_iOS
    - Alamofire
    - AlamofireImage
    - FMDB
    - LeanCloud
    - Starscream
    - SwiftProtobuf

SPEC CHECKSUMS:
  AgoraRtcEngine_iOS: b316f64bc07f7973f0239316b2b4f79ec369e25c
  Alamofire: ae5c501addb7afdbb13687d7f2f722c78734c2d3
  AlamofireImage: 63cfe3baf1370be6c498149687cf6db3e3b00999
  FMDB: 2ce00b547f966261cd18927a3ddb07cb6f3db82a
  LeanCloud: 08df0aa28a5242c8ac9850ac96c37163d153935d
  Starscream: 08172b481e145289c4930cb567230fb55897cfa4
  SwiftProtobuf: e905ca1366405696411aaf174411c4b19c0ef73d

PODFILE CHECKSUM: 8593427e5b5ab0058ba9d9e9155d489145a6c78a

COCOAPODS: 1.7.5
