PODS:
  - AgoraRtcEngine_iOS (2.9.1)
  - Alamofire (5.0.0-rc.2)
  - AlamofireImage (4.0.0-beta.5):
    - Alamofire (~> 5.0.0-rc.2)
  - GRDB.swift (4.4.0):
    - GRDB.swift/standard (= 4.4.0)
  - GRDB.swift/standard (4.4.0)
  - LeanCloud (17.0.0-beta.3):
    - LeanCloud/Foundation (= 17.0.0-beta.3)
    - LeanCloud/RTM (= 17.0.0-beta.3)
  - LeanCloud/Foundation (17.0.0-beta.3):
    - Alamofire (= 5.0.0-rc.2)
  - LeanCloud/RTM (17.0.0-beta.3):
    - GRDB.swift (~> 4.4)
    - LeanCloud/Foundation
    - Starscream (~> 3.1)
    - SwiftProtobuf (~> 1.6.0)
  - Starscream (3.1.0)
  - SwiftProtobuf (1.6.0)

DEPENDENCIES:
  - AgoraRtcEngine_iOS (~> 2.9)
  - AlamofireImage (~> 4.0.0-beta.5)
  - LeanCloud (~> 17.0.0-beta.3)

SPEC REPOS:
  https://github.com/cocoapods/specs.git:
    - AgoraRtcEngine_iOS
    - Alamofire
    - AlamofireImage
    - GRDB.swift
    - LeanCloud
    - Starscream
    - SwiftProtobuf

SPEC CHECKSUMS:
  AgoraRtcEngine_iOS: b2eedd8f9ab47b71163f3285e836bd23feb43fff
  Alamofire: f9450d3c7f6bea2ad62e7a541c3e9b186c7991d6
  AlamofireImage: f6dfe201f6d59cc6a045b5cb228b58962b8ef31d
  GRDB.swift: 4f9b6e7efc9470426f6a6de10ec1fee798ff7e43
  LeanCloud: 9cd086a51995b7c6b63b84eaf973a2b784da3d41
  Starscream: 08172b481e145289c4930cb567230fb55897cfa4
  SwiftProtobuf: e905ca1366405696411aaf174411c4b19c0ef73d

PODFILE CHECKSUM: 3ac4dc43ce4823db5b80960a4c0248659b171064

COCOAPODS: 1.7.5
